{
  "version": "3",
  "remote": {
    "https://deno.land/std@0.176.0/_util/asserts.ts": "178dfc49a464aee693a7e285567b3d0b555dc805ff490505a8aae34f9cfb1462",
    "https://deno.land/std@0.176.0/_util/os.ts": "d932f56d41e4f6a6093d56044e29ce637f8dcc43c5a90af43504a889cf1775e3",
    "https://deno.land/std@0.176.0/encoding/hex.ts": "50f8c95b52eae24395d3dfcb5ec1ced37c5fe7610ef6fffdcc8b0fdc38e3b32f",
    "https://deno.land/std@0.176.0/fmt/colors.ts": "938c5d44d889fb82eff6c358bea8baa7e85950a16c9f6dae3ec3a7a729164471",
    "https://deno.land/std@0.176.0/fs/_util.ts": "65381f341af1ff7f40198cee15c20f59951ac26e51ddc651c5293e24f9ce6f32",
    "https://deno.land/std@0.176.0/fs/copy.ts": "14214efd94fc3aa6db1e4af2b4b9578e50f7362b7f3725d5a14ad259a5df26c8",
    "https://deno.land/std@0.176.0/fs/empty_dir.ts": "c3d2da4c7352fab1cf144a1ecfef58090769e8af633678e0f3fabaef98594688",
    "https://deno.land/std@0.176.0/fs/ensure_dir.ts": "724209875497a6b4628dfb256116e5651c4f7816741368d6c44aab2531a1e603",
    "https://deno.land/std@0.176.0/fs/ensure_file.ts": "c38602670bfaf259d86ca824a94e6cb9e5eb73757fefa4ebf43a90dd017d53d9",
    "https://deno.land/std@0.176.0/fs/ensure_link.ts": "c0f5b2f0ec094ed52b9128eccb1ee23362a617457aa0f699b145d4883f5b2fb4",
    "https://deno.land/std@0.176.0/fs/ensure_symlink.ts": "2955cc8332aeca9bdfefd05d8d3976b94e282b0f353392a71684808ed2ffdd41",
    "https://deno.land/std@0.176.0/fs/eol.ts": "f1f2eb348a750c34500741987b21d65607f352cf7205f48f4319d417fff42842",
    "https://deno.land/std@0.176.0/fs/exists.ts": "b8c8a457b71e9d7f29b9d2f87aad8dba2739cbe637e8926d6ba6e92567875f8e",
    "https://deno.land/std@0.176.0/fs/expand_glob.ts": "45d17e89796a24bd6002e4354eda67b4301bb8ba67d2cac8453cdabccf1d9ab0",
    "https://deno.land/std@0.176.0/fs/mod.ts": "bc3d0acd488cc7b42627044caf47d72019846d459279544e1934418955ba4898",
    "https://deno.land/std@0.176.0/fs/move.ts": "4cb47f880e3f0582c55e71c9f8b1e5e8cfaacb5e84f7390781dd563b7298ec19",
    "https://deno.land/std@0.176.0/fs/walk.ts": "ea95ffa6500c1eda6b365be488c056edc7c883a1db41ef46ec3bf057b1c0fe32",
    "https://deno.land/std@0.176.0/path/_constants.ts": "e49961f6f4f48039c0dfed3c3f93e963ca3d92791c9d478ac5b43183413136e0",
    "https://deno.land/std@0.176.0/path/_interface.ts": "6471159dfbbc357e03882c2266d21ef9afdb1e4aa771b0545e90db58a0ba314b",
    "https://deno.land/std@0.176.0/path/_util.ts": "d7abb1e0dea065f427b89156e28cdeb32b045870acdf865833ba808a73b576d0",
    "https://deno.land/std@0.176.0/path/common.ts": "ee7505ab01fd22de3963b64e46cff31f40de34f9f8de1fff6a1bd2fe79380000",
    "https://deno.land/std@0.176.0/path/glob.ts": "d479e0a695621c94d3fd7fe7abd4f9499caf32a8de13f25073451c6ef420a4e1",
    "https://deno.land/std@0.176.0/path/mod.ts": "4b83694ac500d7d31b0cdafc927080a53dc0c3027eb2895790fb155082b0d232",
    "https://deno.land/std@0.176.0/path/posix.ts": "8b7c67ac338714b30c816079303d0285dd24af6b284f7ad63da5b27372a2c94d",
    "https://deno.land/std@0.176.0/path/separator.ts": "0fb679739d0d1d7bf45b68dacfb4ec7563597a902edbaf3c59b50d5bcadd93b1",
    "https://deno.land/std@0.176.0/path/win32.ts": "d186344e5583bcbf8b18af416d13d82b35a317116e6460a5a3953508c3de5bba",
    "https://deno.land/std@0.179.0/_util/asserts.ts": "178dfc49a464aee693a7e285567b3d0b555dc805ff490505a8aae34f9cfb1462",
    "https://deno.land/std@0.179.0/_util/os.ts": "d932f56d41e4f6a6093d56044e29ce637f8dcc43c5a90af43504a889cf1775e3",
    "https://deno.land/std@0.179.0/path/_constants.ts": "e49961f6f4f48039c0dfed3c3f93e963ca3d92791c9d478ac5b43183413136e0",
    "https://deno.land/std@0.179.0/path/_interface.ts": "6471159dfbbc357e03882c2266d21ef9afdb1e4aa771b0545e90db58a0ba314b",
    "https://deno.land/std@0.179.0/path/_util.ts": "d7abb1e0dea065f427b89156e28cdeb32b045870acdf865833ba808a73b576d0",
    "https://deno.land/std@0.179.0/path/common.ts": "ee7505ab01fd22de3963b64e46cff31f40de34f9f8de1fff6a1bd2fe79380000",
    "https://deno.land/std@0.179.0/path/glob.ts": "d479e0a695621c94d3fd7fe7abd4f9499caf32a8de13f25073451c6ef420a4e1",
    "https://deno.land/std@0.179.0/path/mod.ts": "4b83694ac500d7d31b0cdafc927080a53dc0c3027eb2895790fb155082b0d232",
    "https://deno.land/std@0.179.0/path/posix.ts": "8b7c67ac338714b30c816079303d0285dd24af6b284f7ad63da5b27372a2c94d",
    "https://deno.land/std@0.179.0/path/separator.ts": "0fb679739d0d1d7bf45b68dacfb4ec7563597a902edbaf3c59b50d5bcadd93b1",
    "https://deno.land/std@0.179.0/path/win32.ts": "d186344e5583bcbf8b18af416d13d82b35a317116e6460a5a3953508c3de5bba",
    "https://deno.land/std@0.184.0/_util/asserts.ts": "178dfc49a464aee693a7e285567b3d0b555dc805ff490505a8aae34f9cfb1462",
    "https://deno.land/std@0.184.0/_util/os.ts": "d932f56d41e4f6a6093d56044e29ce637f8dcc43c5a90af43504a889cf1775e3",
    "https://deno.land/std@0.184.0/fs/_util.ts": "579038bebc3bd35c43a6a7766f7d91fbacdf44bc03468e9d3134297bb99ed4f9",
    "https://deno.land/std@0.184.0/fs/copy.ts": "14214efd94fc3aa6db1e4af2b4b9578e50f7362b7f3725d5a14ad259a5df26c8",
    "https://deno.land/std@0.184.0/fs/empty_dir.ts": "c3d2da4c7352fab1cf144a1ecfef58090769e8af633678e0f3fabaef98594688",
    "https://deno.land/std@0.184.0/fs/ensure_dir.ts": "dc64c4c75c64721d4e3fb681f1382f803ff3d2868f08563ff923fdd20d071c40",
    "https://deno.land/std@0.184.0/fs/ensure_file.ts": "c38602670bfaf259d86ca824a94e6cb9e5eb73757fefa4ebf43a90dd017d53d9",
    "https://deno.land/std@0.184.0/fs/ensure_link.ts": "c0f5b2f0ec094ed52b9128eccb1ee23362a617457aa0f699b145d4883f5b2fb4",
    "https://deno.land/std@0.184.0/fs/ensure_symlink.ts": "5006ab2f458159c56d689b53b1e48d57e05eeb1eaf64e677f7f76a30bc4fdba1",
    "https://deno.land/std@0.184.0/fs/eol.ts": "f1f2eb348a750c34500741987b21d65607f352cf7205f48f4319d417fff42842",
    "https://deno.land/std@0.184.0/fs/exists.ts": "29c26bca8584a22876be7cb8844f1b6c8fc35e9af514576b78f5c6884d7ed02d",
    "https://deno.land/std@0.184.0/fs/expand_glob.ts": "e4f56259a0a70fe23f05215b00de3ac5e6ba46646ab2a06ebbe9b010f81c972a",
    "https://deno.land/std@0.184.0/fs/mod.ts": "bc3d0acd488cc7b42627044caf47d72019846d459279544e1934418955ba4898",
    "https://deno.land/std@0.184.0/fs/move.ts": "b4f8f46730b40c32ea3c0bc8eb0fd0e8139249a698883c7b3756424cf19785c9",
    "https://deno.land/std@0.184.0/fs/walk.ts": "920be35a7376db6c0b5b1caf1486fb962925e38c9825f90367f8f26b5e5d0897",
    "https://deno.land/std@0.184.0/path/_constants.ts": "e49961f6f4f48039c0dfed3c3f93e963ca3d92791c9d478ac5b43183413136e0",
    "https://deno.land/std@0.184.0/path/_interface.ts": "6471159dfbbc357e03882c2266d21ef9afdb1e4aa771b0545e90db58a0ba314b",
    "https://deno.land/std@0.184.0/path/_util.ts": "d7abb1e0dea065f427b89156e28cdeb32b045870acdf865833ba808a73b576d0",
    "https://deno.land/std@0.184.0/path/common.ts": "ee7505ab01fd22de3963b64e46cff31f40de34f9f8de1fff6a1bd2fe79380000",
    "https://deno.land/std@0.184.0/path/glob.ts": "d479e0a695621c94d3fd7fe7abd4f9499caf32a8de13f25073451c6ef420a4e1",
    "https://deno.land/std@0.184.0/path/mod.ts": "bf718f19a4fdd545aee1b06409ca0805bd1b68ecf876605ce632e932fe54510c",
    "https://deno.land/std@0.184.0/path/posix.ts": "8b7c67ac338714b30c816079303d0285dd24af6b284f7ad63da5b27372a2c94d",
    "https://deno.land/std@0.184.0/path/separator.ts": "0fb679739d0d1d7bf45b68dacfb4ec7563597a902edbaf3c59b50d5bcadd93b1",
    "https://deno.land/std@0.184.0/path/win32.ts": "d186344e5583bcbf8b18af416d13d82b35a317116e6460a5a3953508c3de5bba",
    "https://deno.land/x/nhttp@1.2.11/index.ts": "7a014af399b306e3a9d0ca99db8eaba496a1e0f2a106e5a5d6f2700d60356abd",
    "https://deno.land/x/nhttp@1.2.11/lib/deps.ts": "43708bc7bd105f24da237bb6483e0e48d7a615faa4e65faab78f2caa941fde13",
    "https://deno.land/x/nhttp@1.2.11/lib/etag.ts": "1b2b2b5c08c44f8bc71eae691dab51b3f1977793dca9ad8797b189f899739d73",
    "https://deno.land/x/nhttp@1.2.11/lib/serve-static.ts": "a443f74a030b3e30dd131b64a035d469a4a0c4ea509f6a061803ad6a31b51469",
    "https://deno.land/x/nhttp@1.2.11/mod.ts": "d0ae92ddd1c18486873544a91ec3bffb8f44d94167bc86a847b3aa19de46d7ad",
    "https://deno.land/x/nhttp@1.2.11/node/index.ts": "f06489e7a57be9b34863686317c8b1f1eb2cac7599b14a0c9e7e6970f745d2a6",
    "https://deno.land/x/nhttp@1.2.11/node/request.ts": "4338526db5ea82a1ed35b4a8bdc4722ccfc094fe383d0dfbad470d7e240dff8b",
    "https://deno.land/x/nhttp@1.2.11/node/response.ts": "8a02264c4f990ef77f462500d408c8640726ffbd63bb166fdd0feb38d45c3451",
    "https://deno.land/x/nhttp@1.2.11/node/symbol.ts": "8aa3449c4c9e2649be86b8ae5c6b4680a6fa1d46fab06f51db26e9b120decd98",
    "https://deno.land/x/nhttp@1.2.11/src/body.ts": "6557feda72a99b104394761675e95c136a5ec1f5548775c9da4c0d490e20269e",
    "https://deno.land/x/nhttp@1.2.11/src/constant.ts": "85ab483c8d9655741d6bc4ec1646693b46424d0ebe9303bb1cc56f04f4ea9670",
    "https://deno.land/x/nhttp@1.2.11/src/cookie.ts": "e189d64f76b8e6ce43f496ee64648e8bd6a512206655257ef34414e27b3ca364",
    "https://deno.land/x/nhttp@1.2.11/src/error.ts": "79053f19537ccc39713e62fda47c5cba7a2d25668e08b64a2e8741a3af465e09",
    "https://deno.land/x/nhttp@1.2.11/src/http_response.ts": "e066d0ee2c7d1a2c034de4a41e50018e0b61abe7f4177ea75e79f0220dd857e3",
    "https://deno.land/x/nhttp@1.2.11/src/index.ts": "12590783583eea4df33ec0d6d2cc9ea2bc1dbf5762e35851ca7fc318b51b34fb",
    "https://deno.land/x/nhttp@1.2.11/src/inspect.ts": "792a3c9e061add047613fd9df36c07e1b32e998890316a7a3a6f5ee010d049d6",
    "https://deno.land/x/nhttp@1.2.11/src/multipart.ts": "33a584d1e84e01cbba1af28c80a015bc2317e6bdc7e80dc648debb7c518a4bc2",
    "https://deno.land/x/nhttp@1.2.11/src/nhttp.ts": "16e123f5ba3d1f8fb3fa18261c2fd6715682f4adee6e06117d848772366f45db",
    "https://deno.land/x/nhttp@1.2.11/src/request_event.ts": "898d6d5bd0cc96cdcffcf4dd254752e68d5f903e05c0b8aca0fbc6eee7f39e0e",
    "https://deno.land/x/nhttp@1.2.11/src/router.ts": "71513487d9eb6cdc798b716cd8f87c4cd4f373ed29932a9b2865f314c9edb671",
    "https://deno.land/x/nhttp@1.2.11/src/symbol.ts": "4626364c24f98d02595645aecf057bb5f800dc22e0d1030eaea42bc992d7c318",
    "https://deno.land/x/nhttp@1.2.11/src/types.ts": "03b88db8d5eb25c185952016e863ba340dcdb7f687271f807dda64bc074448a0",
    "https://deno.land/x/nhttp@1.2.11/src/utils.ts": "67517b23a3e20bc78b485c18c677b739a5e87110928afc132e30d5b547c0c163",
    "https://deno.land/x/plug@1.0.1/deps.ts": "35ea2acd5e3e11846817a429b7ef4bec47b80f2d988f5d63797147134cbd35c2",
    "https://deno.land/x/plug@1.0.1/download.ts": "8d6a023ade0806a0653b48cd5f6f8b15fcfaa1dbf2aa1f4bc90fc5732d27b144",
    "https://deno.land/x/plug@1.0.1/mod.ts": "5dec80ee7a3a325be45c03439558531bce7707ac118f4376cebbd6740ff24bfb",
    "https://deno.land/x/plug@1.0.1/types.ts": "d8eb738fc6ed883e6abf77093442c2f0b71af9090f15c7613621d4039e410ee1",
    "https://deno.land/x/plug@1.0.1/util.ts": "5ba8127b9adc36e070b9e22971fb8106869eea1741f452a87b4861e574f13481",
    "https://deno.land/x/sqlite3@0.9.1/deno.json": "50895b0bb0c13ae38b93413d7f9f62652f6e7076cd99b9876f6b3b7f6c488dca",
    "https://deno.land/x/sqlite3@0.9.1/deps.ts": "f6035f0884a730c0d55b0cdce68846f13bbfc14e8afbf0b3cd4f12a52b4107b7",
    "https://deno.land/x/sqlite3@0.9.1/mod.ts": "d41b8b30e1b20b537ef4d78cae98d90f6bd65c727b64aa1a18bffbb28f7d6ec3",
    "https://deno.land/x/sqlite3@0.9.1/src/blob.ts": "3681353b3c97bc43f9b02f8d1c3269c0dc4eb9cb5d3af16c7ce4d1e1ec7507c4",
    "https://deno.land/x/sqlite3@0.9.1/src/constants.ts": "85fd27aa6e199093f25f5f437052e16fd0e0870b96ca9b24a98e04ddc8b7d006",
    "https://deno.land/x/sqlite3@0.9.1/src/database.ts": "c326446463955f276dcbe18547ede4b19ea3085bef0980548c0a58d830b3b5d9",
    "https://deno.land/x/sqlite3@0.9.1/src/ffi.ts": "b83f6d16179be7a97a298d6e8172941dbf532058e7c2b3df3a708beefe285c90",
    "https://deno.land/x/sqlite3@0.9.1/src/statement.ts": "4773bc8699a9084b93e65126cd5f9219c248de1fce447270bdae2c3630637150",
    "https://deno.land/x/sqlite3@0.9.1/src/util.ts": "3892904eb057271d4072215c3e7ffe57a9e59e4df78ac575046eb278ca6239cd",
    "https://deno.land/x/sqlite@v3.8/build/sqlite.js": "72f63689fffcb9bb5ae10b1e8f7db09ea845cdf713e0e3a9693d8416a28f92a6",
    "https://deno.land/x/sqlite@v3.8/build/vfs.js": "08533cc78fb29b9d9bd62f6bb93e5ef333407013fed185776808f11223ba0e70",
    "https://deno.land/x/sqlite@v3.8/mod.ts": "e09fc79d8065fe222578114b109b1fd60077bff1bb75448532077f784f4d6a83",
    "https://deno.land/x/sqlite@v3.8/src/constants.ts": "90f3be047ec0a89bcb5d6fc30db121685fc82cb00b1c476124ff47a4b0472aa9",
    "https://deno.land/x/sqlite@v3.8/src/db.ts": "7d3251021756fa80f382c3952217c7446c5c8c1642b63511da0938fe33562663",
    "https://deno.land/x/sqlite@v3.8/src/error.ts": "f7a15cb00d7c3797da1aefee3cf86d23e0ae92e73f0ba3165496c3816ab9503a",
    "https://deno.land/x/sqlite@v3.8/src/function.ts": "e4c83b8ec64bf88bafad2407376b0c6a3b54e777593c70336fb40d43a79865f2",
    "https://deno.land/x/sqlite@v3.8/src/query.ts": "d58abda928f6582d77bad685ecf551b1be8a15e8e38403e293ec38522e030cad",
    "https://deno.land/x/sqlite@v3.8/src/wasm.ts": "e79d0baa6e42423257fb3c7cc98091c54399254867e0f34a09b5bdef37bd9487",
    "https://esm.sh/liquidjs@10.8.4": "179a950a37dd18da06c812c94ab3d6995e7b7b872a4ef2f8781aaf7872aa6ea3",
    "https://esm.sh/marked@7.0.3": "026a24fe501ceab804e1457376d10104d87e3bfaff3514833d0fcf30ac168733",
    "https://esm.sh/rate-limiter-flexible@2.4.2": "bf103ca6d4e4d046c1c8a9211f98e1d5193bd87658f691c6daa43863d48a4c33",
    "https://esm.sh/v131/liquidjs@10.8.4/denonext/liquidjs.mjs": "a3c70de68dd9589a8e47b411a3fb3e0ea1080cb8df27e3b81f1bafaec8a18379",
    "https://esm.sh/v131/marked@7.0.3/denonext/marked.mjs": "280240629b5427409f550633736cd9b13a199155556025d3fd7ce5e51abe80d3",
    "https://esm.sh/v131/rate-limiter-flexible@2.4.2/denonext/rate-limiter-flexible.mjs": "cb72dc749e401b21944bf5f0e3fb468c45fc9ffbcfe2eb44d905eadde8b060c3"
  }
}
